// !$*UTF8*$!
{
	archiveVersion = 1;
	classes = {
	};
	objectVersion = 55;
	objects = {

/* Begin PBXBuildFile section */
		3F17BB4A28AFB54F004793AD /* SwipeCellKit in Frameworks */ = {isa = PBXBuildFile; productRef = 3F17BB4928AFB54F004793AD /* SwipeCellKit */; };
		3F17BB4C28B3A47B004793AD /* SwipeTableViewController.swift in Sources */ = {isa = PBXBuildFile; fileRef = 3F17BB4B28B3A47B004793AD /* SwipeTableViewController.swift */; };
		3F56C4F528AD5F2B00555E03 /* Realm in Frameworks */ = {isa = PBXBuildFile; productRef = 3F56C4F428AD5F2B00555E03 /* Realm */; };
		3F56C4F728AD5F2B00555E03 /* RealmSwift in Frameworks */ = {isa = PBXBuildFile; productRef = 3F56C4F628AD5F2B00555E03 /* RealmSwift */; };
		3F56C4F928AD6A2D00555E03 /* Category.swift in Sources */ = {isa = PBXBuildFile; fileRef = 3F56C4F828AD6A2D00555E03 /* Category.swift */; };
		3F56C4FB28AD6A7C00555E03 /* Item.swift in Sources */ = {isa = PBXBuildFile; fileRef = 3F56C4FA28AD6A7C00555E03 /* Item.swift */; };
		3F8C924D28A5099B0030B1C3 /* AppDelegate.swift in Sources */ = {isa = PBXBuildFile; fileRef = 3F8C924C28A5099B0030B1C3 /* AppDelegate.swift */; };
		3F8C924F28A5099B0030B1C3 /* SceneDelegate.swift in Sources */ = {isa = PBXBuildFile; fileRef = 3F8C924E28A5099B0030B1C3 /* SceneDelegate.swift */; };
		3F8C925128A5099B0030B1C3 /* ViewController.swift in Sources */ = {isa = PBXBuildFile; fileRef = 3F8C925028A5099B0030B1C3 /* ViewController.swift */; };
		3F8C925428A5099B0030B1C3 /* Main.storyboard in Resources */ = {isa = PBXBuildFile; fileRef = 3F8C925228A5099B0030B1C3 /* Main.storyboard */; };
		3F8C925628A5099C0030B1C3 /* Assets.xcassets in Resources */ = {isa = PBXBuildFile; fileRef = 3F8C925528A5099C0030B1C3 /* Assets.xcassets */; };
		3F8C925928A5099C0030B1C3 /* LaunchScreen.storyboard in Resources */ = {isa = PBXBuildFile; fileRef = 3F8C925728A5099C0030B1C3 /* LaunchScreen.storyboard */; };
		3FF0C89B28AD1A7D00F7C6F9 /* CategoryViewController.swift in Sources */ = {isa = PBXBuildFile; fileRef = 3FF0C89A28AD1A7D00F7C6F9 /* CategoryViewController.swift */; };
/* End PBXBuildFile section */

/* Begin PBXFileReference section */
		3F17BB4728AE72C4004793AD /* TableView.app */ = {isa = PBXFileReference; explicitFileType = wrapper.application; includeInIndex = 0; path = TableView.app; sourceTree = BUILT_PRODUCTS_DIR; };
		3F17BB4B28B3A47B004793AD /* SwipeTableViewController.swift */ = {isa = PBXFileReference; lastKnownFileType = sourcecode.swift; path = SwipeTableViewController.swift; sourceTree = "<group>"; };
		3F56C4F828AD6A2D00555E03 /* Category.swift */ = {isa = PBXFileReference; lastKnownFileType = sourcecode.swift; path = Category.swift; sourceTree = "<group>"; };
		3F56C4FA28AD6A7C00555E03 /* Item.swift */ = {isa = PBXFileReference; lastKnownFileType = sourcecode.swift; path = Item.swift; sourceTree = "<group>"; };
		3F8C924C28A5099B0030B1C3 /* AppDelegate.swift */ = {isa = PBXFileReference; lastKnownFileType = sourcecode.swift; path = AppDelegate.swift; sourceTree = "<group>"; };
		3F8C924E28A5099B0030B1C3 /* SceneDelegate.swift */ = {isa = PBXFileReference; lastKnownFileType = sourcecode.swift; path = SceneDelegate.swift; sourceTree = "<group>"; };
		3F8C925028A5099B0030B1C3 /* ViewController.swift */ = {isa = PBXFileReference; lastKnownFileType = sourcecode.swift; path = ViewController.swift; sourceTree = "<group>"; };
		3F8C925328A5099B0030B1C3 /* Base */ = {isa = PBXFileReference; lastKnownFileType = file.storyboard; name = Base; path = Base.lproj/Main.storyboard; sourceTree = "<group>"; };
		3F8C925528A5099C0030B1C3 /* Assets.xcassets */ = {isa = PBXFileReference; lastKnownFileType = folder.assetcatalog; path = Assets.xcassets; sourceTree = "<group>"; };
		3F8C925828A5099C0030B1C3 /* Base */ = {isa = PBXFileReference; lastKnownFileType = file.storyboard; name = Base; path = Base.lproj/LaunchScreen.storyboard; sourceTree = "<group>"; };
		3F8C925A28A5099C0030B1C3 /* Info.plist */ = {isa = PBXFileReference; lastKnownFileType = text.plist.xml; path = Info.plist; sourceTree = "<group>"; };
		3FF0C89A28AD1A7D00F7C6F9 /* CategoryViewController.swift */ = {isa = PBXFileReference; lastKnownFileType = sourcecode.swift; path = CategoryViewController.swift; sourceTree = "<group>"; };
/* End PBXFileReference section */

/* Begin PBXFrameworksBuildPhase section */
		3F8C924628A5099B0030B1C3 /* Frameworks */ = {
			isa = PBXFrameworksBuildPhase;
			buildActionMask = 2147483647;
			files = (
				3F56C4F728AD5F2B00555E03 /* RealmSwift in Frameworks */,
				3F17BB4A28AFB54F004793AD /* SwipeCellKit in Frameworks */,
				3F56C4F528AD5F2B00555E03 /* Realm in Frameworks */,
			);
			runOnlyForDeploymentPostprocessing = 0;
		};
/* End PBXFrameworksBuildPhase section */

/* Begin PBXGroup section */
		3F8C924028A5099B0030B1C3 = {
			isa = PBXGroup;
			children = (
				3F8C924B28A5099B0030B1C3 /* TableView */,
				3F17BB4728AE72C4004793AD /* TableView.app */,
			);
			sourceTree = "<group>";
		};
		3F8C924B28A5099B0030B1C3 /* TableView */ = {
			isa = PBXGroup;
			children = (
				3F8C924C28A5099B0030B1C3 /* AppDelegate.swift */,
				3F8C924E28A5099B0030B1C3 /* SceneDelegate.swift */,
				3F8C925A28A5099C0030B1C3 /* Info.plist */,
				3F8C926328A54D310030B1C3 /* Controllers */,
				3F8C926628A54D5F0030B1C3 /* Support */,
				3F8C926428A54D440030B1C3 /* Views */,
				3F8C926228A54D1E0030B1C3 /* Data Model */,
			);
			path = TableView;
			sourceTree = "<group>";
		};
		3F8C926228A54D1E0030B1C3 /* Data Model */ = {
			isa = PBXGroup;
			children = (
				3F56C4F828AD6A2D00555E03 /* Category.swift */,
				3F56C4FA28AD6A7C00555E03 /* Item.swift */,
			);
			path = "Data Model";
			sourceTree = "<group>";
		};
		3F8C926328A54D310030B1C3 /* Controllers */ = {
			isa = PBXGroup;
			children = (
				3F8C925028A5099B0030B1C3 /* ViewController.swift */,
				3FF0C89A28AD1A7D00F7C6F9 /* CategoryViewController.swift */,
				3F17BB4B28B3A47B004793AD /* SwipeTableViewController.swift */,
			);
			path = Controllers;
			sourceTree = "<group>";
		};
		3F8C926428A54D440030B1C3 /* Views */ = {
			isa = PBXGroup;
			children = (
				3F8C925228A5099B0030B1C3 /* Main.storyboard */,
				3F8C925728A5099C0030B1C3 /* LaunchScreen.storyboard */,
			);
			path = Views;
			sourceTree = "<group>";
		};
		3F8C926628A54D5F0030B1C3 /* Support */ = {
			isa = PBXGroup;
			children = (
				3F8C925528A5099C0030B1C3 /* Assets.xcassets */,
			);
			path = Support;
			sourceTree = "<group>";
		};
/* End PBXGroup section */

/* Begin PBXNativeTarget section */
		3F8C924828A5099B0030B1C3 /* TableView */ = {
			isa = PBXNativeTarget;
			buildConfigurationList = 3F8C925D28A5099C0030B1C3 /* Build configuration list for PBXNativeTarget "TableView" */;
			buildPhases = (
				3F8C924528A5099B0030B1C3 /* Sources */,
				3F8C924628A5099B0030B1C3 /* Frameworks */,
				3F8C924728A5099B0030B1C3 /* Resources */,
			);
			buildRules = (
			);
			dependencies = (
			);
			name = TableView;
			packageProductDependencies = (
				3F56C4F428AD5F2B00555E03 /* Realm */,
				3F56C4F628AD5F2B00555E03 /* RealmSwift */,
				3F17BB4928AFB54F004793AD /* SwipeCellKit */,
			);
			productName = TableView;
			productReference = 3F17BB4728AE72C4004793AD /* TableView.app */;
			productType = "com.apple.product-type.application";
		};
/* End PBXNativeTarget section */

/* Begin PBXProject section */
		3F8C924128A5099B0030B1C3 /* Project object */ = {
			isa = PBXProject;
			attributes = {
				BuildIndependentTargetsInParallel = 1;
				LastSwiftUpdateCheck = 1340;
				LastUpgradeCheck = 1340;
				TargetAttributes = {
					3F8C924828A5099B0030B1C3 = {
						CreatedOnToolsVersion = 13.4.1;
					};
				};
			};
			buildConfigurationList = 3F8C924428A5099B0030B1C3 /* Build configuration list for PBXProject "TableView" */;
			compatibilityVersion = "Xcode 13.0";
			developmentRegion = en;
			hasScannedForEncodings = 0;
			knownRegions = (
				en,
				Base,
			);
			mainGroup = 3F8C924028A5099B0030B1C3;
			packageReferences = (
				3F56C4F328AD5F2B00555E03 /* XCRemoteSwiftPackageReference "realm-swift" */,
				3F17BB4828AFB54F004793AD /* XCRemoteSwiftPackageReference "SwipeCellKit" */,
			);
			productRefGroup = 3F8C924028A5099B0030B1C3;
			projectDirPath = "";
			projectRoot = "";
			targets = (
				3F8C924828A5099B0030B1C3 /* TableView */,
			);
		};
/* End PBXProject section */

/* Begin PBXResourcesBuildPhase section */
		3F8C924728A5099B0030B1C3 /* Resources */ = {
			isa = PBXResourcesBuildPhase;
			buildActionMask = 2147483647;
			files = (
				3F8C925928A5099C0030B1C3 /* LaunchScreen.storyboard in Resources */,
				3F8C925628A5099C0030B1C3 /* Assets.xcassets in Resources */,
				3F8C925428A5099B0030B1C3 /* Main.storyboard in Resources */,
			);
			runOnlyForDeploymentPostprocessing = 0;
		};
/* End PBXResourcesBuildPhase section */

/* Begin PBXSourcesBuildPhase section */
		3F8C924528A5099B0030B1C3 /* Sources */ = {
			isa = PBXSourcesBuildPhase;
			buildActionMask = 2147483647;
			files = (
				3FF0C89B28AD1A7D00F7C6F9 /* CategoryViewController.swift in Sources */,
				3F8C925128A5099B0030B1C3 /* ViewController.swift in Sources */,
				3F8C924D28A5099B0030B1C3 /* AppDelegate.swift in Sources */,
				3F17BB4C28B3A47B004793AD /* SwipeTableViewController.swift in Sources */,
				3F56C4FB28AD6A7C00555E03 /* Item.swift in Sources */,
				3F8C924F28A5099B0030B1C3 /* SceneDelegate.swift in Sources */,
				3F56C4F928AD6A2D00555E03 /* Category.swift in Sources */,
			);
			runOnlyForDeploymentPostprocessing = 0;
		};
/* End PBXSourcesBuildPhase section */

/* Begin PBXVariantGroup section */
		3F8C925228A5099B0030B1C3 /* Main.storyboard */ = {
			isa = PBXVariantGroup;
			children = (
				3F8C925328A5099B0030B1C3 /* Base */,
			);
			name = Main.storyboard;
			sourceTree = "<group>";
		};
		3F8C925728A5099C0030B1C3 /* LaunchScreen.storyboard */ = {
			isa = PBXVariantGroup;
			children = (
				3F8C925828A5099C0030B1C3 /* Base */,
			);
			name = LaunchScreen.storyboard;
			sourceTree = "<group>";
		};
/* End PBXVariantGroup section */

/* Begin XCBuildConfiguration section */
		3F8C925B28A5099C0030B1C3 /* Debug */ = {
			isa = XCBuildConfiguration;
			buildSettings = {
				ALWAYS_SEARCH_USER_PATHS = NO;
				CLANG_ANALYZER_NONNULL = YES;
				CLANG_ANALYZER_NUMBER_OBJECT_CONVERSION = YES_AGGRESSIVE;
				CLANG_CXX_LANGUAGE_STANDARD = "gnu++17";
				CLANG_ENABLE_MODULES = YES;
				CLANG_ENABLE_OBJC_ARC = YES;
				CLANG_ENABLE_OBJC_WEAK = YES;
				CLANG_WARN_BLOCK_CAPTURE_AUTORELEASING = YES;
				CLANG_WARN_BOOL_CONVERSION = YES;
				CLANG_WARN_COMMA = YES;
				CLANG_WARN_CONSTANT_CONVERSION = YES;
				CLANG_WARN_DEPRECATED_OBJC_IMPLEMENTATIONS = YES;
				CLANG_WARN_DIRECT_OBJC_ISA_USAGE = YES_ERROR;
				CLANG_WARN_DOCUMENTATION_COMMENTS = YES;
				CLANG_WARN_EMPTY_BODY = YES;
				CLANG_WARN_ENUM_CONVERSION = YES;
				CLANG_WARN_INFINITE_RECURSION = YES;
				CLANG_WARN_INT_CONVERSION = YES;
				CLANG_WARN_NON_LITERAL_NULL_CONVERSION = YES;
				CLANG_WARN_OBJC_IMPLICIT_RETAIN_SELF = YES;
				CLANG_WARN_OBJC_LITERAL_CONVERSION = YES;
				CLANG_WARN_OBJC_ROOT_CLASS = YES_ERROR;
				CLANG_WARN_QUOTED_INCLUDE_IN_FRAMEWORK_HEADER = YES;
				CLANG_WARN_RANGE_LOOP_ANALYSIS = YES;
				CLANG_WARN_STRICT_PROTOTYPES = YES;
				CLANG_WARN_SUSPICIOUS_MOVE = YES;
				CLANG_WARN_UNGUARDED_AVAILABILITY = YES_AGGRESSIVE;
				CLANG_WARN_UNREACHABLE_CODE = YES;
				CLANG_WARN__DUPLICATE_METHOD_MATCH = YES;
				COPY_PHASE_STRIP = NO;
				DEBUG_INFORMATION_FORMAT = dwarf;
				ENABLE_STRICT_OBJC_MSGSEND = YES;
				ENABLE_TESTABILITY = YES;
				GCC_C_LANGUAGE_STANDARD = gnu11;
				GCC_DYNAMIC_NO_PIC = NO;
				GCC_NO_COMMON_BLOCKS = YES;
				GCC_OPTIMIZATION_LEVEL = 0;
				GCC_PREPROCESSOR_DEFINITIONS = (
					"DEBUG=1",
					"$(inherited)",
				);
				GCC_WARN_64_TO_32_BIT_CONVERSION = YES;
				GCC_WARN_ABOUT_RETURN_TYPE = YES_ERROR;
				GCC_WARN_UNDECLARED_SELECTOR = YES;
				GCC_WARN_UNINITIALIZED_AUTOS = YES_AGGRESSIVE;
				GCC_WARN_UNUSED_FUNCTION = YES;
				GCC_WARN_UNUSED_VARIABLE = YES;
				IPHONEOS_DEPLOYMENT_TARGET = 15.5;
				MTL_ENABLE_DEBUG_INFO = INCLUDE_SOURCE;
				MTL_FAST_MATH = YES;
				ONLY_ACTIVE_ARCH = YES;
				SDKROOT = iphoneos;
				SWIFT_ACTIVE_COMPILATION_CONDITIONS = DEBUG;
				SWIFT_OPTIMIZATION_LEVEL = "-Onone";
			};
			name = Debug;
		};
		3F8C925C28A5099C0030B1C3 /* Release */ = {
			isa = XCBuildConfiguration;
			buildSettings = {
				ALWAYS_SEARCH_USER_PATHS = NO;
				CLANG_ANALYZER_NONNULL = YES;
				CLANG_ANALYZER_NUMBER_OBJECT_CONVERSION = YES_AGGRESSIVE;
				CLANG_CXX_LANGUAGE_STANDARD = "gnu++17";
				CLANG_ENABLE_MODULES = YES;
				CLANG_ENABLE_OBJC_ARC = YES;
				CLANG_ENABLE_OBJC_WEAK = YES;
				CLANG_WARN_BLOCK_CAPTURE_AUTORELEASING = YES;
				CLANG_WARN_BOOL_CONVERSION = YES;
				CLANG_WARN_COMMA = YES;
				CLANG_WARN_CONSTANT_CONVERSION = YES;
				CLANG_WARN_DEPRECATED_OBJC_IMPLEMENTATIONS = YES;
				CLANG_WARN_DIRECT_OBJC_ISA_USAGE = YES_ERROR;
				CLANG_WARN_DOCUMENTATION_COMMENTS = YES;
				CLANG_WARN_EMPTY_BODY = YES;
				CLANG_WARN_ENUM_CONVERSION = YES;
				CLANG_WARN_INFINITE_RECURSION = YES;
				CLANG_WARN_INT_CONVERSION = YES;
				CLANG_WARN_NON_LITERAL_NULL_CONVERSION = YES;
				CLANG_WARN_OBJC_IMPLICIT_RETAIN_SELF = YES;
				CLANG_WARN_OBJC_LITERAL_CONVERSION = YES;
				CLANG_WARN_OBJC_ROOT_CLASS = YES_ERROR;
				CLANG_WARN_QUOTED_INCLUDE_IN_FRAMEWORK_HEADER = YES;
				CLANG_WARN_RANGE_LOOP_ANALYSIS = YES;
				CLANG_WARN_STRICT_PROTOTYPES = YES;
				CLANG_WARN_SUSPICIOUS_MOVE = YES;
				CLANG_WARN_UNGUARDED_AVAILABILITY = YES_AGGRESSIVE;
				CLANG_WARN_UNREACHABLE_CODE = YES;
				CLANG_WARN__DUPLICATE_METHOD_MATCH = YES;
				COPY_PHASE_STRIP = NO;
				DEBUG_INFORMATION_FORMAT = "dwarf-with-dsym";
				ENABLE_NS_ASSERTIONS = NO;
				ENABLE_STRICT_OBJC_MSGSEND = YES;
				GCC_C_LANGUAGE_STANDARD = gnu11;
				GCC_NO_COMMON_BLOCKS = YES;
				GCC_WARN_64_TO_32_BIT_CONVERSION = YES;
				GCC_WARN_ABOUT_RETURN_TYPE = YES_ERROR;
				GCC_WARN_UNDECLARED_SELECTOR = YES;
				GCC_WARN_UNINITIALIZED_AUTOS = YES_AGGRESSIVE;
				GCC_WARN_UNUSED_FUNCTION = YES;
				GCC_WARN_UNUSED_VARIABLE = YES;
				IPHONEOS_DEPLOYMENT_TARGET = 15.5;
				MTL_ENABLE_DEBUG_INFO = NO;
				MTL_FAST_MATH = YES;
				SDKROOT = iphoneos;
				SWIFT_COMPILATION_MODE = wholemodule;
				SWIFT_OPTIMIZATION_LEVEL = "-O";
				VALIDATE_PRODUCT = YES;
			};
			name = Release;
		};
		3F8C925E28A5099C0030B1C3 /* Debug */ = {
			isa = XCBuildConfiguration;
			buildSettings = {
				ASSETCATALOG_COMPILER_APPICON_NAME = AppIcon;
				ASSETCATALOG_COMPILER_GLOBAL_ACCENT_COLOR_NAME = AccentColor;
				CODE_SIGN_STYLE = Automatic;
				CURRENT_PROJECT_VERSION = 1;
				DEVELOPMENT_TEAM = MJU424MJMB;
				GENERATE_INFOPLIST_FILE = YES;
				INFOPLIST_FILE = TableView/Info.plist;
				INFOPLIST_KEY_UIApplicationSupportsIndirectInputEvents = YES;
				INFOPLIST_KEY_UILaunchStoryboardName = LaunchScreen;
				INFOPLIST_KEY_UIMainStoryboardFile = Main;
				INFOPLIST_KEY_UISupportedInterfaceOrientations_iPad = "UIInterfaceOrientationPortrait UIInterfaceOrientationPortraitUpsideDown UIInterfaceOrientationLandscapeLeft UIInterfaceOrientationLandscapeRight";
				INFOPLIST_KEY_UISupportedInterfaceOrientations_iPhone = "UIInterfaceOrientationPortrait UIInterfaceOrientationLandscapeLeft UIInterfaceOrientationLandscapeRight";
				LD_RUNPATH_SEARCH_PATHS = (
					"$(inherited)",
					"@executable_path/Frameworks",
				);
				MARKETING_VERSION = 1.0;
				PRODUCT_BUNDLE_IDENTIFIER = ihorklymchuk.TableView;
				PRODUCT_NAME = "$(TARGET_NAME)";
				SWIFT_EMIT_LOC_STRINGS = YES;
				SWIFT_VERSION = 5.0;
				TARGETED_DEVICE_FAMILY = "1,2";
			};
			name = Debug;
		};
		3F8C925F28A5099C0030B1C3 /* Release */ = {
			isa = XCBuildConfiguration;
			buildSettings = {
				ASSETCATALOG_COMPILER_APPICON_NAME = AppIcon;
				ASSETCATALOG_COMPILER_GLOBAL_ACCENT_COLOR_NAME = AccentColor;
				CODE_SIGN_STYLE = Automatic;
				CURRENT_PROJECT_VERSION = 1;
				DEVELOPMENT_TEAM = MJU424MJMB;
				GENERATE_INFOPLIST_FILE = YES;
				INFOPLIST_FILE = TableView/Info.plist;
				INFOPLIST_KEY_UIApplicationSupportsIndirectInputEvents = YES;
				INFOPLIST_KEY_UILaunchStoryboardName = LaunchScreen;
				INFOPLIST_KEY_UIMainStoryboardFile = Main;
				INFOPLIST_KEY_UISupportedInterfaceOrientations_iPad = "UIInterfaceOrientationPortrait UIInterfaceOrientationPortraitUpsideDown UIInterfaceOrientationLandscapeLeft UIInterfaceOrientationLandscapeRight";
				INFOPLIST_KEY_UISupportedInterfaceOrientations_iPhone = "UIInterfaceOrientationPortrait UIInterfaceOrientationLandscapeLeft UIInterfaceOrientationLandscapeRight";
				LD_RUNPATH_SEARCH_PATHS = (
					"$(inherited)",
					"@executable_path/Frameworks",
				);
				MARKETING_VERSION = 1.0;
				PRODUCT_BUNDLE_IDENTIFIER = ihorklymchuk.TableView;
				PRODUCT_NAME = "$(TARGET_NAME)";
				SWIFT_EMIT_LOC_STRINGS = YES;
				SWIFT_VERSION = 5.0;
				TARGETED_DEVICE_FAMILY = "1,2";
			};
			name = Release;
		};
/* End XCBuildConfiguration section */

/* Begin XCConfigurationList section */
		3F8C924428A5099B0030B1C3 /* Build configuration list for PBXProject "TableView" */ = {
			isa = XCConfigurationList;
			buildConfigurations = (
				3F8C925B28A5099C0030B1C3 /* Debug */,
				3F8C925C28A5099C0030B1C3 /* Release */,
			);
			defaultConfigurationIsVisible = 0;
			defaultConfigurationName = Release;
		};
		3F8C925D28A5099C0030B1C3 /* Build configuration list for PBXNativeTarget "TableView" */ = {
			isa = XCConfigurationList;
			buildConfigurations = (
				3F8C925E28A5099C0030B1C3 /* Debug */,
				3F8C925F28A5099C0030B1C3 /* Release */,
			);
			defaultConfigurationIsVisible = 0;
			defaultConfigurationName = Release;
		};
/* End XCConfigurationList section */

/* Begin XCRemoteSwiftPackageReference section */
		3F17BB4828AFB54F004793AD /* XCRemoteSwiftPackageReference "SwipeCellKit" */ = {
			isa = XCRemoteSwiftPackageReference;
			repositoryURL = "https://github.com/SwipeCellKit/SwipeCellKit.git";
			requirement = {
				kind = upToNextMajorVersion;
				minimumVersion = 2.0.0;
			};
		};
		3F56C4F328AD5F2B00555E03 /* XCRemoteSwiftPackageReference "realm-swift" */ = {
			isa = XCRemoteSwiftPackageReference;
			repositoryURL = "https://github.com/realm/realm-swift.git";
			requirement = {
				kind = upToNextMinorVersion;
				minimumVersion = 10.28.4;
			};
		};
/* End XCRemoteSwiftPackageReference section */

/* Begin XCSwiftPackageProductDependency section */
		3F17BB4928AFB54F004793AD /* SwipeCellKit */ = {
			isa = XCSwiftPackageProductDependency;
			package = 3F17BB4828AFB54F004793AD /* XCRemoteSwiftPackageReference "SwipeCellKit" */;
			productName = SwipeCellKit;
		};
		3F56C4F428AD5F2B00555E03 /* Realm */ = {
			isa = XCSwiftPackageProductDependency;
			package = 3F56C4F328AD5F2B00555E03 /* XCRemoteSwiftPackageReference "realm-swift" */;
			productName = Realm;
		};
		3F56C4F628AD5F2B00555E03 /* RealmSwift */ = {
			isa = XCSwiftPackageProductDependency;
			package = 3F56C4F328AD5F2B00555E03 /* XCRemoteSwiftPackageReference "realm-swift" */;
			productName = RealmSwift;
		};
/* End XCSwiftPackageProductDependency section */
	};
	rootObject = 3F8C924128A5099B0030B1C3 /* Project object */;
}
